
Microsoft Visual Studio Solution File, Format Version 12.00
# Visual Studio Version 18
VisualStudioVersion = 18.1.11312.151
MinimumVisualStudioVersion = 10.0.40219.1
Project("{FAE04EC0-301F-11D3-BF4B-00C04F79EFBC}") = "EventPhotographer", "EventPhotographer\EventPhotographer.csproj", "{B1632730-CBEF-4465-9F94-2D20F9B21760}"
EndProject
Project("{2150E333-8FDC-42A3-9474-1A3956D46DE8}") = "Éléments de solution", "Éléments de solution", "{C0B02FB0-930A-46A2-8F00-AEDB8304AB20}"
	ProjectSection(SolutionItems) = preProject
		.gitignore = .gitignore
		docker-compose.yml = docker-compose.yml
	EndProjectSection
EndProject
Project("{FAE04EC0-301F-11D3-BF4B-00C04F79EFBC}") = "EventPhotographer.Tests", "EventPhotographer.Tests\EventPhotographer.Tests.csproj", "{C92F37EA-4CC0-4990-AD7D-4B9ED44F1A1F}"
EndProject
Project("{2150E333-8FDC-42A3-9474-1A3956D46DE8}") = "Solution Items", "Solution Items", "{222BDFEC-E691-4411-87E4-094672538F0F}"
	ProjectSection(SolutionItems) = preProject
		.editorconfig = .editorconfig
	EndProjectSection
EndProject
Project("{54A90642-561A-4BB1-A94E-469ADEE60C69}") = "EventPhotographer.Client", "EventPhotographer.Client\EventPhotographer.Client.esproj", "{B77D4B93-AA6C-3624-1866-AC564C3B4AA5}"
EndProject
Global
	GlobalSection(SolutionConfigurationPlatforms) = preSolution
		Debug|Any CPU = Debug|Any CPU
		Release|Any CPU = Release|Any CPU
	EndGlobalSection
	GlobalSection(ProjectConfigurationPlatforms) = postSolution
		{B1632730-CBEF-4465-9F94-2D20F9B21760}.Debug|Any CPU.ActiveCfg = Debug|Any CPU
		{B1632730-CBEF-4465-9F94-2D20F9B21760}.Debug|Any CPU.Build.0 = Debug|Any CPU
		{B1632730-CBEF-4465-9F94-2D20F9B21760}.Release|Any CPU.ActiveCfg = Release|Any CPU
		{B1632730-CBEF-4465-9F94-2D20F9B21760}.Release|Any CPU.Build.0 = Release|Any CPU
		{C92F37EA-4CC0-4990-AD7D-4B9ED44F1A1F}.Debug|Any CPU.ActiveCfg = Debug|Any CPU
		{C92F37EA-4CC0-4990-AD7D-4B9ED44F1A1F}.Debug|Any CPU.Build.0 = Debug|Any CPU
		{C92F37EA-4CC0-4990-AD7D-4B9ED44F1A1F}.Release|Any CPU.ActiveCfg = Release|Any CPU
		{C92F37EA-4CC0-4990-AD7D-4B9ED44F1A1F}.Release|Any CPU.Build.0 = Release|Any CPU
		{B77D4B93-AA6C-3624-1866-AC564C3B4AA5}.Debug|Any CPU.ActiveCfg = Debug|Any CPU
		{B77D4B93-AA6C-3624-1866-AC564C3B4AA5}.Debug|Any CPU.Build.0 = Debug|Any CPU
		{B77D4B93-AA6C-3624-1866-AC564C3B4AA5}.Debug|Any CPU.Deploy.0 = Debug|Any CPU
		{B77D4B93-AA6C-3624-1866-AC564C3B4AA5}.Release|Any CPU.ActiveCfg = Release|Any CPU
		{B77D4B93-AA6C-3624-1866-AC564C3B4AA5}.Release|Any CPU.Build.0 = Release|Any CPU
		{B77D4B93-AA6C-3624-1866-AC564C3B4AA5}.Release|Any CPU.Deploy.0 = Release|Any CPU
	EndGlobalSection
	GlobalSection(SolutionProperties) = preSolution
		HideSolutionNode = FALSE
	EndGlobalSection
	GlobalSection(ExtensibilityGlobals) = postSolution
		SolutionGuid = {25312715-0CB4-40D4-AFA6-1A1296ACB9E0}
	EndGlobalSection
EndGlobal
